
Microsoft Visual Studio Solution File, Format Version 12.00
# Visual Studio Version 17
VisualStudioVersion = 17.8.34330.188
MinimumVisualStudioVersion = 10.0.40219.1
Project("{9A19103F-16F7-4668-BE54-9A1E7A4F7556}") = "ProductCatalog.Api", "ProductCatalog.Api\ProductCatalog.Api.csproj", "{18F52EC1-4806-4835-9326-D74003F2B30B}"
EndProject
Project("{9A19103F-16F7-4668-BE54-9A1E7A4F7556}") = "ProductCatalog.Client", "ProductCatalog.Client\ProductCatalog.Client.csproj", "{F14C2F84-BCD7-4BF2-9502-CA8C9E519A97}"
EndProject
Global
	GlobalSection(SolutionConfigurationPlatforms) = preSolution
		Debug|Any CPU = Debug|Any CPU
		Release|Any CPU = Release|Any CPU
	EndGlobalSection
	GlobalSection(ProjectConfigurationPlatforms) = postSolution
		{18F52EC1-4806-4835-9326-D74003F2B30B}.Debug|Any CPU.ActiveCfg = Debug|Any CPU
		{18F52EC1-4806-4835-9326-D74003F2B30B}.Debug|Any CPU.Build.0 = Debug|Any CPU
		{18F52EC1-4806-4835-9326-D74003F2B30B}.Release|Any CPU.ActiveCfg = Release|Any CPU
		{18F52EC1-4806-4835-9326-D74003F2B30B}.Release|Any CPU.Build.0 = Release|Any CPU
		{F14C2F84-BCD7-4BF2-9502-CA8C9E519A97}.Debug|Any CPU.ActiveCfg = Debug|Any CPU
		{F14C2F84-BCD7-4BF2-9502-CA8C9E519A97}.Debug|Any CPU.Build.0 = Debug|Any CPU
		{F14C2F84-BCD7-4BF2-9502-CA8C9E519A97}.Release|Any CPU.ActiveCfg = Release|Any CPU
		{F14C2F84-BCD7-4BF2-9502-CA8C9E519A97}.Release|Any CPU.Build.0 = Release|Any CPU
	EndGlobalSection
	GlobalSection(SolutionProperties) = preSolution
		HideSolutionNode = FALSE
	EndGlobalSection
	GlobalSection(ExtensibilityGlobals) = postSolution
		SolutionGuid = {0F2EB740-D418-4FEE-9DC5-5CF7693D467C}
	EndGlobalSection
EndGlobal
